
Microsoft Visual Studio Solution File, Format Version 12.00
# Visual Studio Version 16
VisualStudioVersion = 16.0.29613.14
MinimumVisualStudioVersion = 10.0.40219.1
Project("{FAE04EC0-301F-11D3-BF4B-00C04F79EFBC}") = "KanjiDifferenceHunt", "KanjiDifferenceHunt\KanjiDifferenceHunt.csproj", "{3F89F2B1-B50E-420E-AE92-9008285C88F1}"
EndProject
Global
	GlobalSection(SolutionConfigurationPlatforms) = preSolution
		Debug|Any CPU = Debug|Any CPU
		Release|Any CPU = Release|Any CPU
	EndGlobalSection
	GlobalSection(ProjectConfigurationPlatforms) = postSolution
		{3F89F2B1-B50E-420E-AE92-9008285C88F1}.Debug|Any CPU.ActiveCfg = Debug|Any CPU
		{3F89F2B1-B50E-420E-AE92-9008285C88F1}.Debug|Any CPU.Build.0 = Debug|Any CPU
		{3F89F2B1-B50E-420E-AE92-9008285C88F1}.Release|Any CPU.ActiveCfg = Release|Any CPU
		{3F89F2B1-B50E-420E-AE92-9008285C88F1}.Release|Any CPU.Build.0 = Release|Any CPU
	EndGlobalSection
	GlobalSection(SolutionProperties) = preSolution
		HideSolutionNode = FALSE
	EndGlobalSection
	GlobalSection(ExtensibilityGlobals) = postSolution
		SolutionGuid = {D31B7F22-E13B-4C43-B227-3CFF613EA853}
	EndGlobalSection
EndGlobal
